
Microsoft Visual Studio Solution File, Format Version 12.00
# Visual Studio Version 16
VisualStudioVersion = 16.0.31005.135
MinimumVisualStudioVersion = 10.0.40219.1
Project("{2150E333-8FDC-42A3-9474-1A3956D46DE8}") = "src", "src", "{F52E431C-670D-4895-B5BE-541646DA3CE2}"
EndProject
Project("{2150E333-8FDC-42A3-9474-1A3956D46DE8}") = "test", "test", "{E4A1AC3A-37C3-4ADA-84C6-52D1F5BD1033}"
EndProject
Project("{9A19103F-16F7-4668-BE54-9A1E7A4F7556}") = "Hades.Test.Clinet", "test\Hades.Test.Clinet\Hades.Test.Clinet.csproj", "{E424D2A6-150D-46E2-B245-2C0E328B4B3E}"
EndProject
Project("{9A19103F-16F7-4668-BE54-9A1E7A4F7556}") = "Hades.Test.Common", "test\Hades.Test.Common\Hades.Test.Common.csproj", "{81C28F99-3E94-4E45-8F7C-FA45BD20B64B}"
EndProject
Project("{2150E333-8FDC-42A3-9474-1A3956D46DE8}") = "Solution Items", "Solution Items", "{C8CDB1AA-ABFC-400D-A37A-4B5825A4C505}"
	ProjectSection(SolutionItems) = preProject
		Directory.Build.props = Directory.Build.props
		Directory.Build.targets = Directory.Build.targets
		README.md = README.md
	EndProjectSection
EndProject
Project("{2150E333-8FDC-42A3-9474-1A3956D46DE8}") = "submodules", "submodules", "{9EF3F171-A99A-4C33-8173-0C35E0A21768}"
EndProject
Project("{2150E333-8FDC-42A3-9474-1A3956D46DE8}") = "Spear", "Spear", "{D7AA4B6D-A61E-4643-8FEA-85EF31E8DBF6}"
EndProject
Project("{9A19103F-16F7-4668-BE54-9A1E7A4F7556}") = "Spear.Abstraction", "submodules\Spear\src\Spear.Abstraction\Spear.Abstraction.csproj", "{01988BF2-F09D-448B-9C39-E8A8EC53BBAE}"
EndProject
Project("{2150E333-8FDC-42A3-9474-1A3956D46DE8}") = "src", "src", "{2F263092-1109-4E8C-B337-324CB7C8E959}"
EndProject
Project("{2150E333-8FDC-42A3-9474-1A3956D46DE8}") = "submodules", "submodules", "{D467CEFC-A625-4A84-912A-B1C21F884CF5}"
EndProject
Project("{9A19103F-16F7-4668-BE54-9A1E7A4F7556}") = "CloudNativeApplicationComponents.Utils", "submodules\Spear\submodules\Utils\src\CloudNativeApplicationComponents.Utils\CloudNativeApplicationComponents.Utils.csproj", "{672207D2-76C7-46FC-94DD-C7AA5CA8D860}"
EndProject
Project("{2150E333-8FDC-42A3-9474-1A3956D46DE8}") = "Utils", "Utils", "{BD400279-56D8-4D1E-AAA2-13C1BEBC8028}"
EndProject
Project("{2150E333-8FDC-42A3-9474-1A3956D46DE8}") = "src", "src", "{9F4FB10E-9314-4FF6-9CC3-C7CFCAA2AD17}"
EndProject
Project("{9A19103F-16F7-4668-BE54-9A1E7A4F7556}") = "Hades.Test.Server", "test\Hades.Test.Server\Hades.Test.Server.csproj", "{7207D057-B585-4F15-8DE6-E7E3DD90939E}"
EndProject
Project("{9A19103F-16F7-4668-BE54-9A1E7A4F7556}") = "Hades.Edge.Abstraction", "src\Hades.Edge.Abstraction\Hades.Edge.Abstraction.csproj", "{2032B730-FCD4-4A3E-AC3A-8BE42EBF7E1A}"
EndProject
Project("{9A19103F-16F7-4668-BE54-9A1E7A4F7556}") = "Hades.Edge.Grpc", "src\Hades.Edge.Grpc\Hades.Edge.Grpc.csproj", "{EAD80C2D-917B-4D27-9F7C-370B356B1FBB}"
EndProject
Project("{9A19103F-16F7-4668-BE54-9A1E7A4F7556}") = "Hades.Edge.Spear.Integration", "src\Hades.Edge.Spear.Integration\Hades.Edge.Spear.Integration.csproj", "{D19E6CB6-865D-4FB4-90DE-A22826B6D3C6}"
EndProject
Project("{9A19103F-16F7-4668-BE54-9A1E7A4F7556}") = "Hades.Transport.Abstraction", "src\Hades.Transport.Abstraction\Hades.Transport.Abstraction.csproj", "{435A5B1B-8CB7-44E6-8C29-09C7FF58E629}"
EndProject
Project("{9A19103F-16F7-4668-BE54-9A1E7A4F7556}") = "Hades.Transport", "src\Hades.Transport\Hades.Transport.csproj", "{2D617055-F27B-499D-83A3-96061CE9DFA2}"
EndProject
Project("{9A19103F-16F7-4668-BE54-9A1E7A4F7556}") = "Hades.Transport.Grpc", "src\Hades.Transport.Grpc\Hades.Transport.Grpc.csproj", "{19BE6149-CFAC-49DF-A18B-E48A65723203}"
EndProject
Project("{9A19103F-16F7-4668-BE54-9A1E7A4F7556}") = "Hades.Transport.Grpc.Abstraction", "src\Hades.Transport.Grpc.Abstraction\Hades.Transport.Grpc.Abstraction.csproj", "{1882472C-746E-4E9A-830B-EE12284DE9BE}"
EndProject
Project("{9A19103F-16F7-4668-BE54-9A1E7A4F7556}") = "Hades.Transport.Sample", "test\Hades.Transport.Sample\Hades.Transport.Sample.csproj", "{4A0500EE-115D-4CC2-8A3C-3D06A5173908}"
EndProject
Project("{9A19103F-16F7-4668-BE54-9A1E7A4F7556}") = "Spear.Client", "submodules\Spear\src\Spear.Client\Spear.Client.csproj", "{C9631ED7-F8EE-4C45-A692-B36C7449DB82}"
EndProject
Project("{9A19103F-16F7-4668-BE54-9A1E7A4F7556}") = "Hades.Broker.Abstraction", "src\Hades.Broker.Abstraction\Hades.Broker.Abstraction.csproj", "{2F69CC60-3729-4D85-9357-EB8D4123B84C}"
EndProject
Project("{9A19103F-16F7-4668-BE54-9A1E7A4F7556}") = "Hades.Broker", "src\Hades.Broker\Hades.Broker.csproj", "{E9509AD8-0370-4BB8-B681-7A1A03AA91C0}"
EndProject
Project("{9A19103F-16F7-4668-BE54-9A1E7A4F7556}") = "Hades.Broker.Transport.Integration.Abstraction", "src\Hades.Broker.Transport.Integration.Abstraction\Hades.Broker.Transport.Integration.Abstraction.csproj", "{5FCAB1D6-834A-478A-A9BB-89EAAD305FF3}"
EndProject
Project("{9A19103F-16F7-4668-BE54-9A1E7A4F7556}") = "Hades.Broker.Transport.Integration", "src\Hades.Broker.Transport.Integration\Hades.Broker.Transport.Integration.csproj", "{FBC1A7CC-CD65-4912-9479-7395F1ED3FDD}"
EndProject
Project("{2150E333-8FDC-42A3-9474-1A3956D46DE8}") = "Transport", "Transport", "{0FA19A03-0256-42EE-AFA8-D2222FFC54FD}"
EndProject
Project("{2150E333-8FDC-42A3-9474-1A3956D46DE8}") = "Broker", "Broker", "{073373E6-D8CF-463A-8F6A-8E1111DC25AA}"
EndProject
Project("{2150E333-8FDC-42A3-9474-1A3956D46DE8}") = "Edge", "Edge", "{456AB83C-1D27-40FD-98D6-B6895E076900}"
EndProject
Project("{FAE04EC0-301F-11D3-BF4B-00C04F79EFBC}") = "Hades.Transport.Channels.Abstraction", "src\Hades.Transport.Channels.Abstraction\Hades.Transport.Channels.Abstraction.csproj", "{95A3A35A-2D68-4582-98D6-5D4DB301A201}"
EndProject
Project("{FAE04EC0-301F-11D3-BF4B-00C04F79EFBC}") = "Hades.Transport.Channels", "src\Hades.Transport.Channels\Hades.Transport.Channels.csproj", "{76CAFAD6-46B4-4EAC-87F0-42D7F819A3C8}"
EndProject
Global
	GlobalSection(SolutionConfigurationPlatforms) = preSolution
		Debug|Any CPU = Debug|Any CPU
		Release|Any CPU = Release|Any CPU
	EndGlobalSection
	GlobalSection(ProjectConfigurationPlatforms) = postSolution
		{E424D2A6-150D-46E2-B245-2C0E328B4B3E}.Debug|Any CPU.ActiveCfg = Debug|Any CPU
		{E424D2A6-150D-46E2-B245-2C0E328B4B3E}.Debug|Any CPU.Build.0 = Debug|Any CPU
		{E424D2A6-150D-46E2-B245-2C0E328B4B3E}.Release|Any CPU.ActiveCfg = Release|Any CPU
		{E424D2A6-150D-46E2-B245-2C0E328B4B3E}.Release|Any CPU.Build.0 = Release|Any CPU
		{81C28F99-3E94-4E45-8F7C-FA45BD20B64B}.Debug|Any CPU.ActiveCfg = Debug|Any CPU
		{81C28F99-3E94-4E45-8F7C-FA45BD20B64B}.Debug|Any CPU.Build.0 = Debug|Any CPU
		{81C28F99-3E94-4E45-8F7C-FA45BD20B64B}.Release|Any CPU.ActiveCfg = Release|Any CPU
		{81C28F99-3E94-4E45-8F7C-FA45BD20B64B}.Release|Any CPU.Build.0 = Release|Any CPU
		{01988BF2-F09D-448B-9C39-E8A8EC53BBAE}.Debug|Any CPU.ActiveCfg = Debug|Any CPU
		{01988BF2-F09D-448B-9C39-E8A8EC53BBAE}.Debug|Any CPU.Build.0 = Debug|Any CPU
		{01988BF2-F09D-448B-9C39-E8A8EC53BBAE}.Release|Any CPU.ActiveCfg = Release|Any CPU
		{01988BF2-F09D-448B-9C39-E8A8EC53BBAE}.Release|Any CPU.Build.0 = Release|Any CPU
		{672207D2-76C7-46FC-94DD-C7AA5CA8D860}.Debug|Any CPU.ActiveCfg = Debug|Any CPU
		{672207D2-76C7-46FC-94DD-C7AA5CA8D860}.Debug|Any CPU.Build.0 = Debug|Any CPU
		{672207D2-76C7-46FC-94DD-C7AA5CA8D860}.Release|Any CPU.ActiveCfg = Release|Any CPU
		{672207D2-76C7-46FC-94DD-C7AA5CA8D860}.Release|Any CPU.Build.0 = Release|Any CPU
		{7207D057-B585-4F15-8DE6-E7E3DD90939E}.Debug|Any CPU.ActiveCfg = Debug|Any CPU
		{7207D057-B585-4F15-8DE6-E7E3DD90939E}.Debug|Any CPU.Build.0 = Debug|Any CPU
		{7207D057-B585-4F15-8DE6-E7E3DD90939E}.Release|Any CPU.ActiveCfg = Release|Any CPU
		{7207D057-B585-4F15-8DE6-E7E3DD90939E}.Release|Any CPU.Build.0 = Release|Any CPU
		{2032B730-FCD4-4A3E-AC3A-8BE42EBF7E1A}.Debug|Any CPU.ActiveCfg = Debug|Any CPU
		{2032B730-FCD4-4A3E-AC3A-8BE42EBF7E1A}.Debug|Any CPU.Build.0 = Debug|Any CPU
		{2032B730-FCD4-4A3E-AC3A-8BE42EBF7E1A}.Release|Any CPU.ActiveCfg = Release|Any CPU
		{2032B730-FCD4-4A3E-AC3A-8BE42EBF7E1A}.Release|Any CPU.Build.0 = Release|Any CPU
		{EAD80C2D-917B-4D27-9F7C-370B356B1FBB}.Debug|Any CPU.ActiveCfg = Debug|Any CPU
		{EAD80C2D-917B-4D27-9F7C-370B356B1FBB}.Debug|Any CPU.Build.0 = Debug|Any CPU
		{EAD80C2D-917B-4D27-9F7C-370B356B1FBB}.Release|Any CPU.ActiveCfg = Release|Any CPU
		{EAD80C2D-917B-4D27-9F7C-370B356B1FBB}.Release|Any CPU.Build.0 = Release|Any CPU
		{D19E6CB6-865D-4FB4-90DE-A22826B6D3C6}.Debug|Any CPU.ActiveCfg = Debug|Any CPU
		{D19E6CB6-865D-4FB4-90DE-A22826B6D3C6}.Debug|Any CPU.Build.0 = Debug|Any CPU
		{D19E6CB6-865D-4FB4-90DE-A22826B6D3C6}.Release|Any CPU.ActiveCfg = Release|Any CPU
		{D19E6CB6-865D-4FB4-90DE-A22826B6D3C6}.Release|Any CPU.Build.0 = Release|Any CPU
		{435A5B1B-8CB7-44E6-8C29-09C7FF58E629}.Debug|Any CPU.ActiveCfg = Debug|Any CPU
		{435A5B1B-8CB7-44E6-8C29-09C7FF58E629}.Debug|Any CPU.Build.0 = Debug|Any CPU
		{435A5B1B-8CB7-44E6-8C29-09C7FF58E629}.Release|Any CPU.ActiveCfg = Release|Any CPU
		{435A5B1B-8CB7-44E6-8C29-09C7FF58E629}.Release|Any CPU.Build.0 = Release|Any CPU
		{2D617055-F27B-499D-83A3-96061CE9DFA2}.Debug|Any CPU.ActiveCfg = Debug|Any CPU
		{2D617055-F27B-499D-83A3-96061CE9DFA2}.Debug|Any CPU.Build.0 = Debug|Any CPU
		{2D617055-F27B-499D-83A3-96061CE9DFA2}.Release|Any CPU.ActiveCfg = Release|Any CPU
		{2D617055-F27B-499D-83A3-96061CE9DFA2}.Release|Any CPU.Build.0 = Release|Any CPU
		{19BE6149-CFAC-49DF-A18B-E48A65723203}.Debug|Any CPU.ActiveCfg = Debug|Any CPU
		{19BE6149-CFAC-49DF-A18B-E48A65723203}.Debug|Any CPU.Build.0 = Debug|Any CPU
		{19BE6149-CFAC-49DF-A18B-E48A65723203}.Release|Any CPU.ActiveCfg = Release|Any CPU
		{19BE6149-CFAC-49DF-A18B-E48A65723203}.Release|Any CPU.Build.0 = Release|Any CPU
		{1882472C-746E-4E9A-830B-EE12284DE9BE}.Debug|Any CPU.ActiveCfg = Debug|Any CPU
		{1882472C-746E-4E9A-830B-EE12284DE9BE}.Debug|Any CPU.Build.0 = Debug|Any CPU
		{1882472C-746E-4E9A-830B-EE12284DE9BE}.Release|Any CPU.ActiveCfg = Release|Any CPU
		{1882472C-746E-4E9A-830B-EE12284DE9BE}.Release|Any CPU.Build.0 = Release|Any CPU
		{4A0500EE-115D-4CC2-8A3C-3D06A5173908}.Debug|Any CPU.ActiveCfg = Debug|Any CPU
		{4A0500EE-115D-4CC2-8A3C-3D06A5173908}.Debug|Any CPU.Build.0 = Debug|Any CPU
		{4A0500EE-115D-4CC2-8A3C-3D06A5173908}.Release|Any CPU.ActiveCfg = Release|Any CPU
		{4A0500EE-115D-4CC2-8A3C-3D06A5173908}.Release|Any CPU.Build.0 = Release|Any CPU
		{C9631ED7-F8EE-4C45-A692-B36C7449DB82}.Debug|Any CPU.ActiveCfg = Debug|Any CPU
		{C9631ED7-F8EE-4C45-A692-B36C7449DB82}.Debug|Any CPU.Build.0 = Debug|Any CPU
		{C9631ED7-F8EE-4C45-A692-B36C7449DB82}.Release|Any CPU.ActiveCfg = Release|Any CPU
		{C9631ED7-F8EE-4C45-A692-B36C7449DB82}.Release|Any CPU.Build.0 = Release|Any CPU
		{2F69CC60-3729-4D85-9357-EB8D4123B84C}.Debug|Any CPU.ActiveCfg = Debug|Any CPU
		{2F69CC60-3729-4D85-9357-EB8D4123B84C}.Debug|Any CPU.Build.0 = Debug|Any CPU
		{2F69CC60-3729-4D85-9357-EB8D4123B84C}.Release|Any CPU.ActiveCfg = Release|Any CPU
		{2F69CC60-3729-4D85-9357-EB8D4123B84C}.Release|Any CPU.Build.0 = Release|Any CPU
		{E9509AD8-0370-4BB8-B681-7A1A03AA91C0}.Debug|Any CPU.ActiveCfg = Debug|Any CPU
		{E9509AD8-0370-4BB8-B681-7A1A03AA91C0}.Debug|Any CPU.Build.0 = Debug|Any CPU
		{E9509AD8-0370-4BB8-B681-7A1A03AA91C0}.Release|Any CPU.ActiveCfg = Release|Any CPU
		{E9509AD8-0370-4BB8-B681-7A1A03AA91C0}.Release|Any CPU.Build.0 = Release|Any CPU
		{5FCAB1D6-834A-478A-A9BB-89EAAD305FF3}.Debug|Any CPU.ActiveCfg = Debug|Any CPU
		{5FCAB1D6-834A-478A-A9BB-89EAAD305FF3}.Debug|Any CPU.Build.0 = Debug|Any CPU
		{5FCAB1D6-834A-478A-A9BB-89EAAD305FF3}.Release|Any CPU.ActiveCfg = Release|Any CPU
		{5FCAB1D6-834A-478A-A9BB-89EAAD305FF3}.Release|Any CPU.Build.0 = Release|Any CPU
		{FBC1A7CC-CD65-4912-9479-7395F1ED3FDD}.Debug|Any CPU.ActiveCfg = Debug|Any CPU
		{FBC1A7CC-CD65-4912-9479-7395F1ED3FDD}.Debug|Any CPU.Build.0 = Debug|Any CPU
		{FBC1A7CC-CD65-4912-9479-7395F1ED3FDD}.Release|Any CPU.ActiveCfg = Release|Any CPU
		{FBC1A7CC-CD65-4912-9479-7395F1ED3FDD}.Release|Any CPU.Build.0 = Release|Any CPU
		{95A3A35A-2D68-4582-98D6-5D4DB301A201}.Debug|Any CPU.ActiveCfg = Debug|Any CPU
		{95A3A35A-2D68-4582-98D6-5D4DB301A201}.Debug|Any CPU.Build.0 = Debug|Any CPU
		{95A3A35A-2D68-4582-98D6-5D4DB301A201}.Release|Any CPU.ActiveCfg = Release|Any CPU
		{95A3A35A-2D68-4582-98D6-5D4DB301A201}.Release|Any CPU.Build.0 = Release|Any CPU
		{76CAFAD6-46B4-4EAC-87F0-42D7F819A3C8}.Debug|Any CPU.ActiveCfg = Debug|Any CPU
		{76CAFAD6-46B4-4EAC-87F0-42D7F819A3C8}.Debug|Any CPU.Build.0 = Debug|Any CPU
		{76CAFAD6-46B4-4EAC-87F0-42D7F819A3C8}.Release|Any CPU.ActiveCfg = Release|Any CPU
		{76CAFAD6-46B4-4EAC-87F0-42D7F819A3C8}.Release|Any CPU.Build.0 = Release|Any CPU
	EndGlobalSection
	GlobalSection(SolutionProperties) = preSolution
		HideSolutionNode = FALSE
	EndGlobalSection
	GlobalSection(NestedProjects) = preSolution
		{E424D2A6-150D-46E2-B245-2C0E328B4B3E} = {E4A1AC3A-37C3-4ADA-84C6-52D1F5BD1033}
		{81C28F99-3E94-4E45-8F7C-FA45BD20B64B} = {E4A1AC3A-37C3-4ADA-84C6-52D1F5BD1033}
		{D7AA4B6D-A61E-4643-8FEA-85EF31E8DBF6} = {9EF3F171-A99A-4C33-8173-0C35E0A21768}
		{01988BF2-F09D-448B-9C39-E8A8EC53BBAE} = {2F263092-1109-4E8C-B337-324CB7C8E959}
		{2F263092-1109-4E8C-B337-324CB7C8E959} = {D7AA4B6D-A61E-4643-8FEA-85EF31E8DBF6}
		{D467CEFC-A625-4A84-912A-B1C21F884CF5} = {D7AA4B6D-A61E-4643-8FEA-85EF31E8DBF6}
		{672207D2-76C7-46FC-94DD-C7AA5CA8D860} = {9F4FB10E-9314-4FF6-9CC3-C7CFCAA2AD17}
		{BD400279-56D8-4D1E-AAA2-13C1BEBC8028} = {D467CEFC-A625-4A84-912A-B1C21F884CF5}
		{9F4FB10E-9314-4FF6-9CC3-C7CFCAA2AD17} = {BD400279-56D8-4D1E-AAA2-13C1BEBC8028}
		{7207D057-B585-4F15-8DE6-E7E3DD90939E} = {E4A1AC3A-37C3-4ADA-84C6-52D1F5BD1033}
		{2032B730-FCD4-4A3E-AC3A-8BE42EBF7E1A} = {456AB83C-1D27-40FD-98D6-B6895E076900}
		{EAD80C2D-917B-4D27-9F7C-370B356B1FBB} = {456AB83C-1D27-40FD-98D6-B6895E076900}
		{D19E6CB6-865D-4FB4-90DE-A22826B6D3C6} = {456AB83C-1D27-40FD-98D6-B6895E076900}
		{435A5B1B-8CB7-44E6-8C29-09C7FF58E629} = {0FA19A03-0256-42EE-AFA8-D2222FFC54FD}
		{2D617055-F27B-499D-83A3-96061CE9DFA2} = {0FA19A03-0256-42EE-AFA8-D2222FFC54FD}
		{19BE6149-CFAC-49DF-A18B-E48A65723203} = {0FA19A03-0256-42EE-AFA8-D2222FFC54FD}
		{1882472C-746E-4E9A-830B-EE12284DE9BE} = {0FA19A03-0256-42EE-AFA8-D2222FFC54FD}
		{4A0500EE-115D-4CC2-8A3C-3D06A5173908} = {E4A1AC3A-37C3-4ADA-84C6-52D1F5BD1033}
		{C9631ED7-F8EE-4C45-A692-B36C7449DB82} = {2F263092-1109-4E8C-B337-324CB7C8E959}
		{2F69CC60-3729-4D85-9357-EB8D4123B84C} = {073373E6-D8CF-463A-8F6A-8E1111DC25AA}
		{E9509AD8-0370-4BB8-B681-7A1A03AA91C0} = {073373E6-D8CF-463A-8F6A-8E1111DC25AA}
		{5FCAB1D6-834A-478A-A9BB-89EAAD305FF3} = {073373E6-D8CF-463A-8F6A-8E1111DC25AA}
		{FBC1A7CC-CD65-4912-9479-7395F1ED3FDD} = {073373E6-D8CF-463A-8F6A-8E1111DC25AA}
		{0FA19A03-0256-42EE-AFA8-D2222FFC54FD} = {F52E431C-670D-4895-B5BE-541646DA3CE2}
		{073373E6-D8CF-463A-8F6A-8E1111DC25AA} = {F52E431C-670D-4895-B5BE-541646DA3CE2}
		{456AB83C-1D27-40FD-98D6-B6895E076900} = {F52E431C-670D-4895-B5BE-541646DA3CE2}
		{95A3A35A-2D68-4582-98D6-5D4DB301A201} = {0FA19A03-0256-42EE-AFA8-D2222FFC54FD}
		{76CAFAD6-46B4-4EAC-87F0-42D7F819A3C8} = {0FA19A03-0256-42EE-AFA8-D2222FFC54FD}
	EndGlobalSection
	GlobalSection(ExtensibilityGlobals) = postSolution
		SolutionGuid = {9C1B0B43-5978-45D5-B395-598033E79E9C}
	EndGlobalSection
EndGlobal
